
Microsoft Visual Studio Solution File, Format Version 9.00
# Visual Studio 2005
Project("{FAE04EC0-301F-11D3-BF4B-00C04F79EFBC}") = "GdWebPart", "GdWebPart\GdWebPart.csproj", "{E12B9C66-098C-4A1A-9605-64B0F7B3E8F4}"
	ProjectSection(WebsiteProperties) = preProject
		Debug.AspNetCompiler.Debug = "True"
		Release.AspNetCompiler.Debug = "False"
	EndProjectSection
EndProject
Project("{FAE04EC0-301F-11D3-BF4B-00C04F79EFBC}") = "WorldClock", "WorldClock\WorldClock.csproj", "{63F9A77E-1A8A-4CCA-9D14-3DA1B6AC3D9F}"
	ProjectSection(WebsiteProperties) = preProject
		Debug.AspNetCompiler.Debug = "True"
		Release.AspNetCompiler.Debug = "False"
	EndProjectSection
EndProject
Project("{FAE04EC0-301F-11D3-BF4B-00C04F79EFBC}") = "MenuTree", "MenuTree\MenuTree.csproj", "{1A8A98D3-A34E-4EE0-A3AF-60AAAD052782}"
	ProjectSection(WebsiteProperties) = preProject
		Debug.AspNetCompiler.Debug = "True"
		Release.AspNetCompiler.Debug = "False"
	EndProjectSection
EndProject
Project("{FAE04EC0-301F-11D3-BF4B-00C04F79EFBC}") = "HtmlBulletedList", "..\HtmlBulletedList\HtmlBulletedList\HtmlBulletedList.csproj", "{11C0A4C0-C81B-4043-8E9A-576A969D4B59}"
	ProjectSection(WebsiteProperties) = preProject
		Debug.AspNetCompiler.Debug = "True"
		Release.AspNetCompiler.Debug = "False"
	EndProjectSection
EndProject
Global
	GlobalSection(TextTemplating) = postSolution
		TextTemplating = 1
	EndGlobalSection
	GlobalSection(SolutionConfigurationPlatforms) = preSolution
		Debug|.NET = Debug|.NET
		Debug|Any CPU = Debug|Any CPU
		Debug|Mixed Platforms = Debug|Mixed Platforms
		Release|.NET = Release|.NET
		Release|Any CPU = Release|Any CPU
		Release|Mixed Platforms = Release|Mixed Platforms
	EndGlobalSection
	GlobalSection(ProjectConfigurationPlatforms) = postSolution
		{E12B9C66-098C-4A1A-9605-64B0F7B3E8F4}.Debug|.NET.ActiveCfg = Debug|Any CPU
		{E12B9C66-098C-4A1A-9605-64B0F7B3E8F4}.Debug|Any CPU.ActiveCfg = Debug|Any CPU
		{E12B9C66-098C-4A1A-9605-64B0F7B3E8F4}.Debug|Any CPU.Build.0 = Debug|Any CPU
		{E12B9C66-098C-4A1A-9605-64B0F7B3E8F4}.Debug|Mixed Platforms.ActiveCfg = Debug|Any CPU
		{E12B9C66-098C-4A1A-9605-64B0F7B3E8F4}.Debug|Mixed Platforms.Build.0 = Debug|Any CPU
		{E12B9C66-098C-4A1A-9605-64B0F7B3E8F4}.Release|.NET.ActiveCfg = Release|Any CPU
		{E12B9C66-098C-4A1A-9605-64B0F7B3E8F4}.Release|Any CPU.ActiveCfg = Release|Any CPU
		{E12B9C66-098C-4A1A-9605-64B0F7B3E8F4}.Release|Any CPU.Build.0 = Release|Any CPU
		{E12B9C66-098C-4A1A-9605-64B0F7B3E8F4}.Release|Mixed Platforms.ActiveCfg = Release|Any CPU
		{E12B9C66-098C-4A1A-9605-64B0F7B3E8F4}.Release|Mixed Platforms.Build.0 = Release|Any CPU
		{63F9A77E-1A8A-4CCA-9D14-3DA1B6AC3D9F}.Debug|.NET.ActiveCfg = Debug|Any CPU
		{63F9A77E-1A8A-4CCA-9D14-3DA1B6AC3D9F}.Debug|Any CPU.ActiveCfg = Debug|Any CPU
		{63F9A77E-1A8A-4CCA-9D14-3DA1B6AC3D9F}.Debug|Any CPU.Build.0 = Debug|Any CPU
		{63F9A77E-1A8A-4CCA-9D14-3DA1B6AC3D9F}.Debug|Mixed Platforms.ActiveCfg = Debug|Any CPU
		{63F9A77E-1A8A-4CCA-9D14-3DA1B6AC3D9F}.Debug|Mixed Platforms.Build.0 = Debug|Any CPU
		{63F9A77E-1A8A-4CCA-9D14-3DA1B6AC3D9F}.Release|.NET.ActiveCfg = Release|Any CPU
		{63F9A77E-1A8A-4CCA-9D14-3DA1B6AC3D9F}.Release|Any CPU.ActiveCfg = Release|Any CPU
		{63F9A77E-1A8A-4CCA-9D14-3DA1B6AC3D9F}.Release|Any CPU.Build.0 = Release|Any CPU
		{63F9A77E-1A8A-4CCA-9D14-3DA1B6AC3D9F}.Release|Mixed Platforms.ActiveCfg = Release|Any CPU
		{63F9A77E-1A8A-4CCA-9D14-3DA1B6AC3D9F}.Release|Mixed Platforms.Build.0 = Release|Any CPU
		{1A8A98D3-A34E-4EE0-A3AF-60AAAD052782}.Debug|.NET.ActiveCfg = Debug|Any CPU
		{1A8A98D3-A34E-4EE0-A3AF-60AAAD052782}.Debug|Any CPU.ActiveCfg = Debug|Any CPU
		{1A8A98D3-A34E-4EE0-A3AF-60AAAD052782}.Debug|Any CPU.Build.0 = Debug|Any CPU
		{1A8A98D3-A34E-4EE0-A3AF-60AAAD052782}.Debug|Mixed Platforms.ActiveCfg = Debug|Any CPU
		{1A8A98D3-A34E-4EE0-A3AF-60AAAD052782}.Debug|Mixed Platforms.Build.0 = Debug|Any CPU
		{1A8A98D3-A34E-4EE0-A3AF-60AAAD052782}.Release|.NET.ActiveCfg = Release|Any CPU
		{1A8A98D3-A34E-4EE0-A3AF-60AAAD052782}.Release|Any CPU.ActiveCfg = Release|Any CPU
		{1A8A98D3-A34E-4EE0-A3AF-60AAAD052782}.Release|Any CPU.Build.0 = Release|Any CPU
		{1A8A98D3-A34E-4EE0-A3AF-60AAAD052782}.Release|Mixed Platforms.ActiveCfg = Release|Any CPU
		{1A8A98D3-A34E-4EE0-A3AF-60AAAD052782}.Release|Mixed Platforms.Build.0 = Release|Any CPU
		{11C0A4C0-C81B-4043-8E9A-576A969D4B59}.Debug|.NET.ActiveCfg = Debug|Any CPU
		{11C0A4C0-C81B-4043-8E9A-576A969D4B59}.Debug|Any CPU.ActiveCfg = Debug|Any CPU
		{11C0A4C0-C81B-4043-8E9A-576A969D4B59}.Debug|Any CPU.Build.0 = Debug|Any CPU
		{11C0A4C0-C81B-4043-8E9A-576A969D4B59}.Debug|Mixed Platforms.ActiveCfg = Debug|Any CPU
		{11C0A4C0-C81B-4043-8E9A-576A969D4B59}.Debug|Mixed Platforms.Build.0 = Debug|Any CPU
		{11C0A4C0-C81B-4043-8E9A-576A969D4B59}.Release|.NET.ActiveCfg = Release|Any CPU
		{11C0A4C0-C81B-4043-8E9A-576A969D4B59}.Release|Any CPU.ActiveCfg = Release|Any CPU
		{11C0A4C0-C81B-4043-8E9A-576A969D4B59}.Release|Any CPU.Build.0 = Release|Any CPU
		{11C0A4C0-C81B-4043-8E9A-576A969D4B59}.Release|Mixed Platforms.ActiveCfg = Release|Any CPU
		{11C0A4C0-C81B-4043-8E9A-576A969D4B59}.Release|Mixed Platforms.Build.0 = Release|Any CPU
	EndGlobalSection
	GlobalSection(SolutionProperties) = preSolution
		HideSolutionNode = FALSE
	EndGlobalSection
EndGlobal
